// !$*UTF8*$!
{
	archiveVersion = 1;
	classes = {
	};
	objectVersion = 56;
	objects = {

/* Begin PBXBuildFile section */
		8F242C072A71239400046938 /* MapViewController.swift in Sources */ = {isa = PBXBuildFile; fileRef = 8F242C062A71239400046938 /* MapViewController.swift */; };
		8FA9C5D42A6D2E720015DD04 /* AppDelegate.swift in Sources */ = {isa = PBXBuildFile; fileRef = 8FA9C5D32A6D2E720015DD04 /* AppDelegate.swift */; };
		8FA9C5D62A6D2E720015DD04 /* SceneDelegate.swift in Sources */ = {isa = PBXBuildFile; fileRef = 8FA9C5D52A6D2E720015DD04 /* SceneDelegate.swift */; };
		8FA9C5D82A6D2E720015DD04 /* ViewController.swift in Sources */ = {isa = PBXBuildFile; fileRef = 8FA9C5D72A6D2E720015DD04 /* ViewController.swift */; };
		8FA9C5DB2A6D2E720015DD04 /* Main.storyboard in Resources */ = {isa = PBXBuildFile; fileRef = 8FA9C5D92A6D2E720015DD04 /* Main.storyboard */; };
		8FA9C5DD2A6D2E730015DD04 /* Assets.xcassets in Resources */ = {isa = PBXBuildFile; fileRef = 8FA9C5DC2A6D2E730015DD04 /* Assets.xcassets */; };
		8FA9C5E02A6D2E730015DD04 /* LaunchScreen.storyboard in Resources */ = {isa = PBXBuildFile; fileRef = 8FA9C5DE2A6D2E730015DD04 /* LaunchScreen.storyboard */; };
		8FA9C5EB2A6D2E740015DD04 /* mapView_RomeTests.swift in Sources */ = {isa = PBXBuildFile; fileRef = 8FA9C5EA2A6D2E740015DD04 /* mapView_RomeTests.swift */; };
		8FA9C5F52A6D2E740015DD04 /* mapView_RomeUITests.swift in Sources */ = {isa = PBXBuildFile; fileRef = 8FA9C5F42A6D2E740015DD04 /* mapView_RomeUITests.swift */; };
		8FA9C5F72A6D2E740015DD04 /* mapView_RomeUITestsLaunchTests.swift in Sources */ = {isa = PBXBuildFile; fileRef = 8FA9C5F62A6D2E740015DD04 /* mapView_RomeUITestsLaunchTests.swift */; };
		8FA9C6042A6D2EA50015DD04 /* TableViewController.swift in Sources */ = {isa = PBXBuildFile; fileRef = 8FA9C6032A6D2EA50015DD04 /* TableViewController.swift */; };
		8FA9C6062A6D33A40015DD04 /* Sights.swift in Sources */ = {isa = PBXBuildFile; fileRef = 8FA9C6052A6D33A40015DD04 /* Sights.swift */; };
/* End PBXBuildFile section */

/* Begin PBXContainerItemProxy section */
		8FA9C5E72A6D2E740015DD04 /* PBXContainerItemProxy */ = {
			isa = PBXContainerItemProxy;
			containerPortal = 8FA9C5C82A6D2E720015DD04 /* Project object */;
			proxyType = 1;
			remoteGlobalIDString = 8FA9C5CF2A6D2E720015DD04;
			remoteInfo = mapView_Rome;
		};
		8FA9C5F12A6D2E740015DD04 /* PBXContainerItemProxy */ = {
			isa = PBXContainerItemProxy;
			containerPortal = 8FA9C5C82A6D2E720015DD04 /* Project object */;
			proxyType = 1;
			remoteGlobalIDString = 8FA9C5CF2A6D2E720015DD04;
			remoteInfo = mapView_Rome;
		};
/* End PBXContainerItemProxy section */

/* Begin PBXFileReference section */
		8F242C062A71239400046938 /* MapViewController.swift */ = {isa = PBXFileReference; lastKnownFileType = sourcecode.swift; path = MapViewController.swift; sourceTree = "<group>"; };
		8FA9C5D02A6D2E720015DD04 /* mapView_Rome.app */ = {isa = PBXFileReference; explicitFileType = wrapper.application; includeInIndex = 0; path = mapView_Rome.app; sourceTree = BUILT_PRODUCTS_DIR; };
		8FA9C5D32A6D2E720015DD04 /* AppDelegate.swift */ = {isa = PBXFileReference; lastKnownFileType = sourcecode.swift; path = AppDelegate.swift; sourceTree = "<group>"; };
		8FA9C5D52A6D2E720015DD04 /* SceneDelegate.swift */ = {isa = PBXFileReference; lastKnownFileType = sourcecode.swift; path = SceneDelegate.swift; sourceTree = "<group>"; };
		8FA9C5D72A6D2E720015DD04 /* ViewController.swift */ = {isa = PBXFileReference; lastKnownFileType = sourcecode.swift; path = ViewController.swift; sourceTree = "<group>"; };
		8FA9C5DA2A6D2E720015DD04 /* Base */ = {isa = PBXFileReference; lastKnownFileType = file.storyboard; name = Base; path = Base.lproj/Main.storyboard; sourceTree = "<group>"; };
		8FA9C5DC2A6D2E730015DD04 /* Assets.xcassets */ = {isa = PBXFileReference; lastKnownFileType = folder.assetcatalog; path = Assets.xcassets; sourceTree = "<group>"; };
		8FA9C5DF2A6D2E730015DD04 /* Base */ = {isa = PBXFileReference; lastKnownFileType = file.storyboard; name = Base; path = Base.lproj/LaunchScreen.storyboard; sourceTree = "<group>"; };
		8FA9C5E12A6D2E730015DD04 /* Info.plist */ = {isa = PBXFileReference; lastKnownFileType = text.plist.xml; path = Info.plist; sourceTree = "<group>"; };
		8FA9C5E62A6D2E740015DD04 /* mapView_RomeTests.xctest */ = {isa = PBXFileReference; explicitFileType = wrapper.cfbundle; includeInIndex = 0; path = mapView_RomeTests.xctest; sourceTree = BUILT_PRODUCTS_DIR; };
		8FA9C5EA2A6D2E740015DD04 /* mapView_RomeTests.swift */ = {isa = PBXFileReference; lastKnownFileType = sourcecode.swift; path = mapView_RomeTests.swift; sourceTree = "<group>"; };
		8FA9C5F02A6D2E740015DD04 /* mapView_RomeUITests.xctest */ = {isa = PBXFileReference; explicitFileType = wrapper.cfbundle; includeInIndex = 0; path = mapView_RomeUITests.xctest; sourceTree = BUILT_PRODUCTS_DIR; };
		8FA9C5F42A6D2E740015DD04 /* mapView_RomeUITests.swift */ = {isa = PBXFileReference; lastKnownFileType = sourcecode.swift; path = mapView_RomeUITests.swift; sourceTree = "<group>"; };
		8FA9C5F62A6D2E740015DD04 /* mapView_RomeUITestsLaunchTests.swift */ = {isa = PBXFileReference; lastKnownFileType = sourcecode.swift; path = mapView_RomeUITestsLaunchTests.swift; sourceTree = "<group>"; };
		8FA9C6032A6D2EA50015DD04 /* TableViewController.swift */ = {isa = PBXFileReference; lastKnownFileType = sourcecode.swift; path = TableViewController.swift; sourceTree = "<group>"; };
		8FA9C6052A6D33A40015DD04 /* Sights.swift */ = {isa = PBXFileReference; lastKnownFileType = sourcecode.swift; path = Sights.swift; sourceTree = "<group>"; };
/* End PBXFileReference section */

/* Begin PBXFrameworksBuildPhase section */
		8FA9C5CD2A6D2E720015DD04 /* Frameworks */ = {
			isa = PBXFrameworksBuildPhase;
			buildActionMask = 2147483647;
			files = (
			);
			runOnlyForDeploymentPostprocessing = 0;
		};
		8FA9C5E32A6D2E740015DD04 /* Frameworks */ = {
			isa = PBXFrameworksBuildPhase;
			buildActionMask = 2147483647;
			files = (
			);
			runOnlyForDeploymentPostprocessing = 0;
		};
		8FA9C5ED2A6D2E740015DD04 /* Frameworks */ = {
			isa = PBXFrameworksBuildPhase;
			buildActionMask = 2147483647;
			files = (
			);
			runOnlyForDeploymentPostprocessing = 0;
		};
/* End PBXFrameworksBuildPhase section */

/* Begin PBXGroup section */
		8FA9C5C72A6D2E720015DD04 = {
			isa = PBXGroup;
			children = (
				8FA9C5D22A6D2E720015DD04 /* mapView_Rome */,
				8FA9C5E92A6D2E740015DD04 /* mapView_RomeTests */,
				8FA9C5F32A6D2E740015DD04 /* mapView_RomeUITests */,
				8FA9C5D12A6D2E720015DD04 /* Products */,
			);
			sourceTree = "<group>";
		};
		8FA9C5D12A6D2E720015DD04 /* Products */ = {
			isa = PBXGroup;
			children = (
				8FA9C5D02A6D2E720015DD04 /* mapView_Rome.app */,
				8FA9C5E62A6D2E740015DD04 /* mapView_RomeTests.xctest */,
				8FA9C5F02A6D2E740015DD04 /* mapView_RomeUITests.xctest */,
			);
			name = Products;
			sourceTree = "<group>";
		};
		8FA9C5D22A6D2E720015DD04 /* mapView_Rome */ = {
			isa = PBXGroup;
			children = (
				8FA9C5D32A6D2E720015DD04 /* AppDelegate.swift */,
				8FA9C5D52A6D2E720015DD04 /* SceneDelegate.swift */,
				8FA9C5D72A6D2E720015DD04 /* ViewController.swift */,
				8FA9C5D92A6D2E720015DD04 /* Main.storyboard */,
				8F242C062A71239400046938 /* MapViewController.swift */,
				8FA9C6032A6D2EA50015DD04 /* TableViewController.swift */,
				8FA9C6052A6D33A40015DD04 /* Sights.swift */,
				8FA9C5DC2A6D2E730015DD04 /* Assets.xcassets */,
				8FA9C5DE2A6D2E730015DD04 /* LaunchScreen.storyboard */,
				8FA9C5E12A6D2E730015DD04 /* Info.plist */,
			);
			path = mapView_Rome;
			sourceTree = "<group>";
		};
		8FA9C5E92A6D2E740015DD04 /* mapView_RomeTests */ = {
			isa = PBXGroup;
			children = (
				8FA9C5EA2A6D2E740015DD04 /* mapView_RomeTests.swift */,
			);
			path = mapView_RomeTests;
			sourceTree = "<group>";
		};
		8FA9C5F32A6D2E740015DD04 /* mapView_RomeUITests */ = {
			isa = PBXGroup;
			children = (
				8FA9C5F42A6D2E740015DD04 /* mapView_RomeUITests.swift */,
				8FA9C5F62A6D2E740015DD04 /* mapView_RomeUITestsLaunchTests.swift */,
			);
			path = mapView_RomeUITests;
			sourceTree = "<group>";
		};
/* End PBXGroup section */

/* Begin PBXNativeTarget section */
		8FA9C5CF2A6D2E720015DD04 /* mapView_Rome */ = {
			isa = PBXNativeTarget;
			buildConfigurationList = 8FA9C5FA2A6D2E740015DD04 /* Build configuration list for PBXNativeTarget "mapView_Rome" */;
			buildPhases = (
				8FA9C5CC2A6D2E720015DD04 /* Sources */,
				8FA9C5CD2A6D2E720015DD04 /* Frameworks */,
				8FA9C5CE2A6D2E720015DD04 /* Resources */,
			);
			buildRules = (
			);
			dependencies = (
			);
			name = mapView_Rome;
			productName = mapView_Rome;
			productReference = 8FA9C5D02A6D2E720015DD04 /* mapView_Rome.app */;
			productType = "com.apple.product-type.application";
		};
		8FA9C5E52A6D2E740015DD04 /* mapView_RomeTests */ = {
			isa = PBXNativeTarget;
			buildConfigurationList = 8FA9C5FD2A6D2E740015DD04 /* Build configuration list for PBXNativeTarget "mapView_RomeTests" */;
			buildPhases = (
				8FA9C5E22A6D2E740015DD04 /* Sources */,
				8FA9C5E32A6D2E740015DD04 /* Frameworks */,
				8FA9C5E42A6D2E740015DD04 /* Resources */,
			);
			buildRules = (
			);
			dependencies = (
				8FA9C5E82A6D2E740015DD04 /* PBXTargetDependency */,
			);
			name = mapView_RomeTests;
			productName = mapView_RomeTests;
			productReference = 8FA9C5E62A6D2E740015DD04 /* mapView_RomeTests.xctest */;
			productType = "com.apple.product-type.bundle.unit-test";
		};
		8FA9C5EF2A6D2E740015DD04 /* mapView_RomeUITests */ = {
			isa = PBXNativeTarget;
			buildConfigurationList = 8FA9C6002A6D2E740015DD04 /* Build configuration list for PBXNativeTarget "mapView_RomeUITests" */;
			buildPhases = (
				8FA9C5EC2A6D2E740015DD04 /* Sources */,
				8FA9C5ED2A6D2E740015DD04 /* Frameworks */,
				8FA9C5EE2A6D2E740015DD04 /* Resources */,
			);
			buildRules = (
			);
			dependencies = (
				8FA9C5F22A6D2E740015DD04 /* PBXTargetDependency */,
			);
			name = mapView_RomeUITests;
			productName = mapView_RomeUITests;
			productReference = 8FA9C5F02A6D2E740015DD04 /* mapView_RomeUITests.xctest */;
			productType = "com.apple.product-type.bundle.ui-testing";
		};
/* End PBXNativeTarget section */

/* Begin PBXProject section */
		8FA9C5C82A6D2E720015DD04 /* Project object */ = {
			isa = PBXProject;
			attributes = {
				BuildIndependentTargetsInParallel = 1;
				LastSwiftUpdateCheck = 1430;
				LastUpgradeCheck = 1430;
				TargetAttributes = {
					8FA9C5CF2A6D2E720015DD04 = {
						CreatedOnToolsVersion = 14.3.1;
					};
					8FA9C5E52A6D2E740015DD04 = {
						CreatedOnToolsVersion = 14.3.1;
						TestTargetID = 8FA9C5CF2A6D2E720015DD04;
					};
					8FA9C5EF2A6D2E740015DD04 = {
						CreatedOnToolsVersion = 14.3.1;
						TestTargetID = 8FA9C5CF2A6D2E720015DD04;
					};
				};
			};
			buildConfigurationList = 8FA9C5CB2A6D2E720015DD04 /* Build configuration list for PBXProject "mapView_Rome" */;
			compatibilityVersion = "Xcode 14.0";
			developmentRegion = en;
			hasScannedForEncodings = 0;
			knownRegions = (
				en,
				Base,
			);
			mainGroup = 8FA9C5C72A6D2E720015DD04;
			productRefGroup = 8FA9C5D12A6D2E720015DD04 /* Products */;
			projectDirPath = "";
			projectRoot = "";
			targets = (
				8FA9C5CF2A6D2E720015DD04 /* mapView_Rome */,
				8FA9C5E52A6D2E740015DD04 /* mapView_RomeTests */,
				8FA9C5EF2A6D2E740015DD04 /* mapView_RomeUITests */,
			);
		};
/* End PBXProject section */

/* Begin PBXResourcesBuildPhase section */
		8FA9C5CE2A6D2E720015DD04 /* Resources */ = {
			isa = PBXResourcesBuildPhase;
			buildActionMask = 2147483647;
			files = (
				8FA9C5E02A6D2E730015DD04 /* LaunchScreen.storyboard in Resources */,
				8FA9C5DD2A6D2E730015DD04 /* Assets.xcassets in Resources */,
				8FA9C5DB2A6D2E720015DD04 /* Main.storyboard in Resources */,
			);
			runOnlyForDeploymentPostprocessing = 0;
		};
		8FA9C5E42A6D2E740015DD04 /* Resources */ = {
			isa = PBXResourcesBuildPhase;
			buildActionMask = 2147483647;
			files = (
			);
			runOnlyForDeploymentPostprocessing = 0;
		};
		8FA9C5EE2A6D2E740015DD04 /* Resources */ = {
			isa = PBXResourcesBuildPhase;
			buildActionMask = 2147483647;
			files = (
			);
			runOnlyForDeploymentPostprocessing = 0;
		};
/* End PBXResourcesBuildPhase section */

/* Begin PBXSourcesBuildPhase section */
		8FA9C5CC2A6D2E720015DD04 /* Sources */ = {
			isa = PBXSourcesBuildPhase;
			buildActionMask = 2147483647;
			files = (
				8FA9C5D82A6D2E720015DD04 /* ViewController.swift in Sources */,
				8F242C072A71239400046938 /* MapViewController.swift in Sources */,
				8FA9C5D42A6D2E720015DD04 /* AppDelegate.swift in Sources */,
				8FA9C6062A6D33A40015DD04 /* Sights.swift in Sources */,
				8FA9C5D62A6D2E720015DD04 /* SceneDelegate.swift in Sources */,
				8FA9C6042A6D2EA50015DD04 /* TableViewController.swift in Sources */,
			);
			runOnlyForDeploymentPostprocessing = 0;
		};
		8FA9C5E22A6D2E740015DD04 /* Sources */ = {
			isa = PBXSourcesBuildPhase;
			buildActionMask = 2147483647;
			files = (
				8FA9C5EB2A6D2E740015DD04 /* mapView_RomeTests.swift in Sources */,
			);
			runOnlyForDeploymentPostprocessing = 0;
		};
		8FA9C5EC2A6D2E740015DD04 /* Sources */ = {
			isa = PBXSourcesBuildPhase;
			buildActionMask = 2147483647;
			files = (
				8FA9C5F52A6D2E740015DD04 /* mapView_RomeUITests.swift in Sources */,
				8FA9C5F72A6D2E740015DD04 /* mapView_RomeUITestsLaunchTests.swift in Sources */,
			);
			runOnlyForDeploymentPostprocessing = 0;
		};
/* End PBXSourcesBuildPhase section */

/* Begin PBXTargetDependency section */
		8FA9C5E82A6D2E740015DD04 /* PBXTargetDependency */ = {
			isa = PBXTargetDependency;
			target = 8FA9C5CF2A6D2E720015DD04 /* mapView_Rome */;
			targetProxy = 8FA9C5E72A6D2E740015DD04 /* PBXContainerItemProxy */;
		};
		8FA9C5F22A6D2E740015DD04 /* PBXTargetDependency */ = {
			isa = PBXTargetDependency;
			target = 8FA9C5CF2A6D2E720015DD04 /* mapView_Rome */;
			targetProxy = 8FA9C5F12A6D2E740015DD04 /* PBXContainerItemProxy */;
		};
/* End PBXTargetDependency section */

/* Begin PBXVariantGroup section */
		8FA9C5D92A6D2E720015DD04 /* Main.storyboard */ = {
			isa = PBXVariantGroup;
			children = (
				8FA9C5DA2A6D2E720015DD04 /* Base */,
			);
			name = Main.storyboard;
			sourceTree = "<group>";
		};
		8FA9C5DE2A6D2E730015DD04 /* LaunchScreen.storyboard */ = {
			isa = PBXVariantGroup;
			children = (
				8FA9C5DF2A6D2E730015DD04 /* Base */,
			);
			name = LaunchScreen.storyboard;
			sourceTree = "<group>";
		};
/* End PBXVariantGroup section */

/* Begin XCBuildConfiguration section */
		8FA9C5F82A6D2E740015DD04 /* Debug */ = {
			isa = XCBuildConfiguration;
			buildSettings = {
				ALWAYS_SEARCH_USER_PATHS = NO;
				CLANG_ANALYZER_NONNULL = YES;
				CLANG_ANALYZER_NUMBER_OBJECT_CONVERSION = YES_AGGRESSIVE;
				CLANG_CXX_LANGUAGE_STANDARD = "gnu++20";
				CLANG_ENABLE_MODULES = YES;
				CLANG_ENABLE_OBJC_ARC = YES;
				CLANG_ENABLE_OBJC_WEAK = YES;
				CLANG_WARN_BLOCK_CAPTURE_AUTORELEASING = YES;
				CLANG_WARN_BOOL_CONVERSION = YES;
				CLANG_WARN_COMMA = YES;
				CLANG_WARN_CONSTANT_CONVERSION = YES;
				CLANG_WARN_DEPRECATED_OBJC_IMPLEMENTATIONS = YES;
				CLANG_WARN_DIRECT_OBJC_ISA_USAGE = YES_ERROR;
				CLANG_WARN_DOCUMENTATION_COMMENTS = YES;
				CLANG_WARN_EMPTY_BODY = YES;
				CLANG_WARN_ENUM_CONVERSION = YES;
				CLANG_WARN_INFINITE_RECURSION = YES;
				CLANG_WARN_INT_CONVERSION = YES;
				CLANG_WARN_NON_LITERAL_NULL_CONVERSION = YES;
				CLANG_WARN_OBJC_IMPLICIT_RETAIN_SELF = YES;
				CLANG_WARN_OBJC_LITERAL_CONVERSION = YES;
				CLANG_WARN_OBJC_ROOT_CLASS = YES_ERROR;
				CLANG_WARN_QUOTED_INCLUDE_IN_FRAMEWORK_HEADER = YES;
				CLANG_WARN_RANGE_LOOP_ANALYSIS = YES;
				CLANG_WARN_STRICT_PROTOTYPES = YES;
				CLANG_WARN_SUSPICIOUS_MOVE = YES;
				CLANG_WARN_UNGUARDED_AVAILABILITY = YES_AGGRESSIVE;
				CLANG_WARN_UNREACHABLE_CODE = YES;
				CLANG_WARN__DUPLICATE_METHOD_MATCH = YES;
				COPY_PHASE_STRIP = NO;
				DEBUG_INFORMATION_FORMAT = dwarf;
				ENABLE_STRICT_OBJC_MSGSEND = YES;
				ENABLE_TESTABILITY = YES;
				GCC_C_LANGUAGE_STANDARD = gnu11;
				GCC_DYNAMIC_NO_PIC = NO;
				GCC_NO_COMMON_BLOCKS = YES;
				GCC_OPTIMIZATION_LEVEL = 0;
				GCC_PREPROCESSOR_DEFINITIONS = (
					"DEBUG=1",
					"$(inherited)",
				);
				GCC_WARN_64_TO_32_BIT_CONVERSION = YES;
				GCC_WARN_ABOUT_RETURN_TYPE = YES_ERROR;
				GCC_WARN_UNDECLARED_SELECTOR = YES;
				GCC_WARN_UNINITIALIZED_AUTOS = YES_AGGRESSIVE;
				GCC_WARN_UNUSED_FUNCTION = YES;
				GCC_WARN_UNUSED_VARIABLE = YES;
				IPHONEOS_DEPLOYMENT_TARGET = 16.4;
				MTL_ENABLE_DEBUG_INFO = INCLUDE_SOURCE;
				MTL_FAST_MATH = YES;
				ONLY_ACTIVE_ARCH = YES;
				SDKROOT = iphoneos;
				SWIFT_ACTIVE_COMPILATION_CONDITIONS = DEBUG;
				SWIFT_OPTIMIZATION_LEVEL = "-Onone";
			};
			name = Debug;
		};
		8FA9C5F92A6D2E740015DD04 /* Release */ = {
			isa = XCBuildConfiguration;
			buildSettings = {
				ALWAYS_SEARCH_USER_PATHS = NO;
				CLANG_ANALYZER_NONNULL = YES;
				CLANG_ANALYZER_NUMBER_OBJECT_CONVERSION = YES_AGGRESSIVE;
				CLANG_CXX_LANGUAGE_STANDARD = "gnu++20";
				CLANG_ENABLE_MODULES = YES;
				CLANG_ENABLE_OBJC_ARC = YES;
				CLANG_ENABLE_OBJC_WEAK = YES;
				CLANG_WARN_BLOCK_CAPTURE_AUTORELEASING = YES;
				CLANG_WARN_BOOL_CONVERSION = YES;
				CLANG_WARN_COMMA = YES;
				CLANG_WARN_CONSTANT_CONVERSION = YES;
				CLANG_WARN_DEPRECATED_OBJC_IMPLEMENTATIONS = YES;
				CLANG_WARN_DIRECT_OBJC_ISA_USAGE = YES_ERROR;
				CLANG_WARN_DOCUMENTATION_COMMENTS = YES;
				CLANG_WARN_EMPTY_BODY = YES;
				CLANG_WARN_ENUM_CONVERSION = YES;
				CLANG_WARN_INFINITE_RECURSION = YES;
				CLANG_WARN_INT_CONVERSION = YES;
				CLANG_WARN_NON_LITERAL_NULL_CONVERSION = YES;
				CLANG_WARN_OBJC_IMPLICIT_RETAIN_SELF = YES;
				CLANG_WARN_OBJC_LITERAL_CONVERSION = YES;
				CLANG_WARN_OBJC_ROOT_CLASS = YES_ERROR;
				CLANG_WARN_QUOTED_INCLUDE_IN_FRAMEWORK_HEADER = YES;
				CLANG_WARN_RANGE_LOOP_ANALYSIS = YES;
				CLANG_WARN_STRICT_PROTOTYPES = YES;
				CLANG_WARN_SUSPICIOUS_MOVE = YES;
				CLANG_WARN_UNGUARDED_AVAILABILITY = YES_AGGRESSIVE;
				CLANG_WARN_UNREACHABLE_CODE = YES;
				CLANG_WARN__DUPLICATE_METHOD_MATCH = YES;
				COPY_PHASE_STRIP = NO;
				DEBUG_INFORMATION_FORMAT = "dwarf-with-dsym";
				ENABLE_NS_ASSERTIONS = NO;
				ENABLE_STRICT_OBJC_MSGSEND = YES;
				GCC_C_LANGUAGE_STANDARD = gnu11;
				GCC_NO_COMMON_BLOCKS = YES;
				GCC_WARN_64_TO_32_BIT_CONVERSION = YES;
				GCC_WARN_ABOUT_RETURN_TYPE = YES_ERROR;
				GCC_WARN_UNDECLARED_SELECTOR = YES;
				GCC_WARN_UNINITIALIZED_AUTOS = YES_AGGRESSIVE;
				GCC_WARN_UNUSED_FUNCTION = YES;
				GCC_WARN_UNUSED_VARIABLE = YES;
				IPHONEOS_DEPLOYMENT_TARGET = 16.4;
				MTL_ENABLE_DEBUG_INFO = NO;
				MTL_FAST_MATH = YES;
				SDKROOT = iphoneos;
				SWIFT_COMPILATION_MODE = wholemodule;
				SWIFT_OPTIMIZATION_LEVEL = "-O";
				VALIDATE_PRODUCT = YES;
			};
			name = Release;
		};
		8FA9C5FB2A6D2E740015DD04 /* Debug */ = {
			isa = XCBuildConfiguration;
			buildSettings = {
				ASSETCATALOG_COMPILER_APPICON_NAME = AppIcon;
				ASSETCATALOG_COMPILER_GLOBAL_ACCENT_COLOR_NAME = AccentColor;
				CODE_SIGN_STYLE = Automatic;
				CURRENT_PROJECT_VERSION = 1;
				DEVELOPMENT_TEAM = SD5N8D7LXB;
				GENERATE_INFOPLIST_FILE = YES;
				INFOPLIST_FILE = mapView_Rome/Info.plist;
				INFOPLIST_KEY_NSLocationWhenInUseUsageDescription = "We need your location";
				INFOPLIST_KEY_UIApplicationSupportsIndirectInputEvents = YES;
				INFOPLIST_KEY_UILaunchStoryboardName = LaunchScreen;
				INFOPLIST_KEY_UIMainStoryboardFile = Main;
				INFOPLIST_KEY_UISupportedInterfaceOrientations_iPad = "UIInterfaceOrientationPortrait UIInterfaceOrientationPortraitUpsideDown UIInterfaceOrientationLandscapeLeft UIInterfaceOrientationLandscapeRight";
				INFOPLIST_KEY_UISupportedInterfaceOrientations_iPhone = "UIInterfaceOrientationPortrait UIInterfaceOrientationLandscapeLeft UIInterfaceOrientationLandscapeRight";
				IPHONEOS_DEPLOYMENT_TARGET = 16.4;
				LD_RUNPATH_SEARCH_PATHS = (
					"$(inherited)",
					"@executable_path/Frameworks",
				);
				MARKETING_VERSION = 1.0;
				PRODUCT_BUNDLE_IDENTIFIER = "kz.kamilasultanova.mapView-Rome";
				PRODUCT_NAME = "$(TARGET_NAME)";
				SWIFT_EMIT_LOC_STRINGS = YES;
				SWIFT_VERSION = 5.0;
				TARGETED_DEVICE_FAMILY = "1,2";
			};
			name = Debug;
		};
		8FA9C5FC2A6D2E740015DD04 /* Release */ = {
			isa = XCBuildConfiguration;
			buildSettings = {
				ASSETCATALOG_COMPILER_APPICON_NAME = AppIcon;
				ASSETCATALOG_COMPILER_GLOBAL_ACCENT_COLOR_NAME = AccentColor;
				CODE_SIGN_STYLE = Automatic;
				CURRENT_PROJECT_VERSION = 1;
				DEVELOPMENT_TEAM = SD5N8D7LXB;
				GENERATE_INFOPLIST_FILE = YES;
				INFOPLIST_FILE = mapView_Rome/Info.plist;
				INFOPLIST_KEY_NSLocationWhenInUseUsageDescription = "We need your location";
				INFOPLIST_KEY_UIApplicationSupportsIndirectInputEvents = YES;
				INFOPLIST_KEY_UILaunchStoryboardName = LaunchScreen;
				INFOPLIST_KEY_UIMainStoryboardFile = Main;
				INFOPLIST_KEY_UISupportedInterfaceOrientations_iPad = "UIInterfaceOrientationPortrait UIInterfaceOrientationPortraitUpsideDown UIInterfaceOrientationLandscapeLeft UIInterfaceOrientationLandscapeRight";
				INFOPLIST_KEY_UISupportedInterfaceOrientations_iPhone = "UIInterfaceOrientationPortrait UIInterfaceOrientationLandscapeLeft UIInterfaceOrientationLandscapeRight";
				IPHONEOS_DEPLOYMENT_TARGET = 16.4;
				LD_RUNPATH_SEARCH_PATHS = (
					"$(inherited)",
					"@executable_path/Frameworks",
				);
				MARKETING_VERSION = 1.0;
				PRODUCT_BUNDLE_IDENTIFIER = "kz.kamilasultanova.mapView-Rome";
				PRODUCT_NAME = "$(TARGET_NAME)";
				SWIFT_EMIT_LOC_STRINGS = YES;
				SWIFT_VERSION = 5.0;
				TARGETED_DEVICE_FAMILY = "1,2";
			};
			name = Release;
		};
		8FA9C5FE2A6D2E740015DD04 /* Debug */ = {
			isa = XCBuildConfiguration;
			buildSettings = {
				ALWAYS_EMBED_SWIFT_STANDARD_LIBRARIES = YES;
				BUNDLE_LOADER = "$(TEST_HOST)";
				CODE_SIGN_STYLE = Automatic;
				CURRENT_PROJECT_VERSION = 1;
				GENERATE_INFOPLIST_FILE = YES;
				IPHONEOS_DEPLOYMENT_TARGET = 16.4;
				MARKETING_VERSION = 1.0;
				PRODUCT_BUNDLE_IDENTIFIER = "kz.kamilasultanova.mapView-RomeTests";
				PRODUCT_NAME = "$(TARGET_NAME)";
				SWIFT_EMIT_LOC_STRINGS = NO;
				SWIFT_VERSION = 5.0;
				TARGETED_DEVICE_FAMILY = "1,2";
				TEST_HOST = "$(BUILT_PRODUCTS_DIR)/mapView_Rome.app/$(BUNDLE_EXECUTABLE_FOLDER_PATH)/mapView_Rome";
			};
			name = Debug;
		};
		8FA9C5FF2A6D2E740015DD04 /* Release */ = {
			isa = XCBuildConfiguration;
			buildSettings = {
				ALWAYS_EMBED_SWIFT_STANDARD_LIBRARIES = YES;
				BUNDLE_LOADER = "$(TEST_HOST)";
				CODE_SIGN_STYLE = Automatic;
				CURRENT_PROJECT_VERSION = 1;
				GENERATE_INFOPLIST_FILE = YES;
				IPHONEOS_DEPLOYMENT_TARGET = 16.4;
				MARKETING_VERSION = 1.0;
				PRODUCT_BUNDLE_IDENTIFIER = "kz.kamilasultanova.mapView-RomeTests";
				PRODUCT_NAME = "$(TARGET_NAME)";
				SWIFT_EMIT_LOC_STRINGS = NO;
				SWIFT_VERSION = 5.0;
				TARGETED_DEVICE_FAMILY = "1,2";
				TEST_HOST = "$(BUILT_PRODUCTS_DIR)/mapView_Rome.app/$(BUNDLE_EXECUTABLE_FOLDER_PATH)/mapView_Rome";
			};
			name = Release;
		};
		8FA9C6012A6D2E740015DD04 /* Debug */ = {
			isa = XCBuildConfiguration;
			buildSettings = {
				ALWAYS_EMBED_SWIFT_STANDARD_LIBRARIES = YES;
				CODE_SIGN_STYLE = Automatic;
				CURRENT_PROJECT_VERSION = 1;
				GENERATE_INFOPLIST_FILE = YES;
				MARKETING_VERSION = 1.0;
				PRODUCT_BUNDLE_IDENTIFIER = "kz.kamilasultanova.mapView-RomeUITests";
				PRODUCT_NAME = "$(TARGET_NAME)";
				SWIFT_EMIT_LOC_STRINGS = NO;
				SWIFT_VERSION = 5.0;
				TARGETED_DEVICE_FAMILY = "1,2";
				TEST_TARGET_NAME = mapView_Rome;
			};
			name = Debug;
		};
		8FA9C6022A6D2E740015DD04 /* Release */ = {
			isa = XCBuildConfiguration;
			buildSettings = {
				ALWAYS_EMBED_SWIFT_STANDARD_LIBRARIES = YES;
				CODE_SIGN_STYLE = Automatic;
				CURRENT_PROJECT_VERSION = 1;
				GENERATE_INFOPLIST_FILE = YES;
				MARKETING_VERSION = 1.0;
				PRODUCT_BUNDLE_IDENTIFIER = "kz.kamilasultanova.mapView-RomeUITests";
				PRODUCT_NAME = "$(TARGET_NAME)";
				SWIFT_EMIT_LOC_STRINGS = NO;
				SWIFT_VERSION = 5.0;
				TARGETED_DEVICE_FAMILY = "1,2";
				TEST_TARGET_NAME = mapView_Rome;
			};
			name = Release;
		};
/* End XCBuildConfiguration section */

/* Begin XCConfigurationList section */
		8FA9C5CB2A6D2E720015DD04 /* Build configuration list for PBXProject "mapView_Rome" */ = {
			isa = XCConfigurationList;
			buildConfigurations = (
				8FA9C5F82A6D2E740015DD04 /* Debug */,
				8FA9C5F92A6D2E740015DD04 /* Release */,
			);
			defaultConfigurationIsVisible = 0;
			defaultConfigurationName = Release;
		};
		8FA9C5FA2A6D2E740015DD04 /* Build configuration list for PBXNativeTarget "mapView_Rome" */ = {
			isa = XCConfigurationList;
			buildConfigurations = (
				8FA9C5FB2A6D2E740015DD04 /* Debug */,
				8FA9C5FC2A6D2E740015DD04 /* Release */,
			);
			defaultConfigurationIsVisible = 0;
			defaultConfigurationName = Release;
		};
		8FA9C5FD2A6D2E740015DD04 /* Build configuration list for PBXNativeTarget "mapView_RomeTests" */ = {
			isa = XCConfigurationList;
			buildConfigurations = (
				8FA9C5FE2A6D2E740015DD04 /* Debug */,
				8FA9C5FF2A6D2E740015DD04 /* Release */,
			);
			defaultConfigurationIsVisible = 0;
			defaultConfigurationName = Release;
		};
		8FA9C6002A6D2E740015DD04 /* Build configuration list for PBXNativeTarget "mapView_RomeUITests" */ = {
			isa = XCConfigurationList;
			buildConfigurations = (
				8FA9C6012A6D2E740015DD04 /* Debug */,
				8FA9C6022A6D2E740015DD04 /* Release */,
			);
			defaultConfigurationIsVisible = 0;
			defaultConfigurationName = Release;
		};
/* End XCConfigurationList section */
	};
	rootObject = 8FA9C5C82A6D2E720015DD04 /* Project object */;
}
